
Microsoft Visual Studio Solution File, Format Version 12.00
# Visual Studio Version 16
VisualStudioVersion = 16.0.31911.196
MinimumVisualStudioVersion = 10.0.40219.1
Project("{9A19103F-16F7-4668-BE54-9A1E7A4F7556}") = "Bbk.Web", "Bbk.Web\Bbk.Web.csproj", "{B0D0D512-D065-4264-8969-C7471E180B1E}"
EndProject
Project("{FAE04EC0-301F-11D3-BF4B-00C04F79EFBC}") = "Bbk.Data", "Bbk.Data\Bbk.Data.csproj", "{AC31057A-DD57-4233-BA32-7FD85240A3BC}"
EndProject
Global
	GlobalSection(SolutionConfigurationPlatforms) = preSolution
		Debug|Any CPU = Debug|Any CPU
		Release|Any CPU = Release|Any CPU
	EndGlobalSection
	GlobalSection(ProjectConfigurationPlatforms) = postSolution
		{B0D0D512-D065-4264-8969-C7471E180B1E}.Debug|Any CPU.ActiveCfg = Debug|Any CPU
		{B0D0D512-D065-4264-8969-C7471E180B1E}.Debug|Any CPU.Build.0 = Debug|Any CPU
		{B0D0D512-D065-4264-8969-C7471E180B1E}.Release|Any CPU.ActiveCfg = Release|Any CPU
		{B0D0D512-D065-4264-8969-C7471E180B1E}.Release|Any CPU.Build.0 = Release|Any CPU
		{AC31057A-DD57-4233-BA32-7FD85240A3BC}.Debug|Any CPU.ActiveCfg = Debug|Any CPU
		{AC31057A-DD57-4233-BA32-7FD85240A3BC}.Debug|Any CPU.Build.0 = Debug|Any CPU
		{AC31057A-DD57-4233-BA32-7FD85240A3BC}.Release|Any CPU.ActiveCfg = Release|Any CPU
		{AC31057A-DD57-4233-BA32-7FD85240A3BC}.Release|Any CPU.Build.0 = Release|Any CPU
	EndGlobalSection
	GlobalSection(SolutionProperties) = preSolution
		HideSolutionNode = FALSE
	EndGlobalSection
	GlobalSection(ExtensibilityGlobals) = postSolution
		SolutionGuid = {E63613C8-70A6-43AB-A216-96024409DB22}
	EndGlobalSection
EndGlobal
